
Microsoft Visual Studio Solution File, Format Version 12.00
# Visual Studio 2012
Project("{FAE04EC0-301F-11D3-BF4B-00C04F79EFBC}") = "testPartner_", "testPartner_.csproj", "{7AB316F0-B275-428F-99B1-91CF3C7F6729}"
EndProject
Global
	GlobalSection(SolutionConfigurationPlatforms) = preSolution
		Debug|Any CPU = Debug|Any CPU
		Release|Any CPU = Release|Any CPU
	EndGlobalSection
	GlobalSection(ProjectConfigurationPlatforms) = postSolution
		{7AB316F0-B275-428F-99B1-91CF3C7F6729}.Debug|Any CPU.ActiveCfg = Debug|Any CPU
		{7AB316F0-B275-428F-99B1-91CF3C7F6729}.Debug|Any CPU.Build.0 = Debug|Any CPU
		{7AB316F0-B275-428F-99B1-91CF3C7F6729}.Release|Any CPU.ActiveCfg = Release|Any CPU
		{7AB316F0-B275-428F-99B1-91CF3C7F6729}.Release|Any CPU.Build.0 = Release|Any CPU
	EndGlobalSection
	GlobalSection(SolutionProperties) = preSolution
		HideSolutionNode = FALSE
	EndGlobalSection
EndGlobal
